{
  "lockfile_version": "1",
  "packages": {
    "age@latest": {
      "last_modified": "2026-08-27T07:16:00Z",
      "resolved": "github:NixOS/nixpkgs/c27cdad491a991b11ed731760aa2ef8db0cb0410#age",
      "source": "devbox-search",
      "version": "1.3.1",
      "systems": {
        "aarch64-darwin": {
          "outputs": [
            {
              "name": "out",
              "path": "/nix/store/2m4qx8hgrihxz4vqwg5yx8zykz7x996h-age-1.3.1",
              "default": true
            }
          ],
          "store_path": "/nix/store/2m4qx8hgrihxz4vqwg5yx8zykz7x996h-age-1.3.1"
        },
        "aarch64-linux": {
          "outputs": [
            {
              "name": "out",
              "path": "/nix/store/lqma0sf43hgnm3a7vr19m39h7wa9si8r-age-1.3.1",
              "default": true
            }
          ],
          "store_path": "/nix/store/lqma0sf43hgnm3a7vr19m39h7wa9si8r-age-1.3.1"
        },
        "x86_64-darwin": {
          "outputs": [
            {
              "name": "out",
              "path": "/nix/store/xb1bm4jymz2paaw31vrymqvsi5b2rf9s-age-1.3.1",
              "default": true
            }
          ],
          "store_path": "/nix/store/xb1bm4jymz2paaw31vrymqvsi5b2rf9s-age-1.3.1"
        },
        "x86_64-linux": {
          "outputs": [
            {
              "name": "out",
              "path": "/nix/store/7nlz5m6i1qix0cdym00d4dgcbikxis99-age-1.3.1",
              "default": true
            }
          ],
          "store_path": "/nix/store/7nlz5m6i1qix0cdym00d4dgcbikxis99-age-1.3.1"
        }
      }
    },
    "buf@latest": {
      "last_modified": "2026-08-27T07:16:00Z",
      "resolved": "github:NixOS/nixpkgs/c27cdad491a991b11ed731760aa2ef8db0cb0410#buf",
      "source": "devbox-search",
      "version": "1.72.0",
      "systems": {
        "aarch64-darwin": {
          "outputs": [
            {
              "name": "out",
              "path": "/nix/store/3jdzgvppg8cvfpbnkv1fb1cjd3g2bjdv-buf-1.72.0",
              "default": true
            }
          ],
          "store_path": "/nix/store/3jdzgvppg8cvfpbnkv1fb1cjd3g2bjdv-buf-1.72.0"
        },
        "aarch64-linux": {
          "outputs": [
            {
              "name": "out",
              "path": "/nix/store/0qws96pl25wzjqx68w544s9lkvm7jwml-buf-1.72.0",
              "default": true
            }
          ],
          "store_path": "/nix/store/0qws96pl25wzjqx68w544s9lkvm7jwml-buf-1.72.0"
        },
        "x86_64-linux": {
          "outputs": [
            {
              "name": "out",
              "path": "/nix/store/ayci2h427579cj5ak1ibv54r3yvp1jmj-buf-1.72.0",
              "default": true
            }
          ],
          "store_path": "/nix/store/ayci2h427579cj5ak1ibv54r3yvp1jmj-buf-1.72.0"
        }
      }
    },
    "cocoapods@latest": {
      "last_modified": "2026-09-29T03:29:29Z",
      "resolved": "github:NixOS/nixpkgs/b6c8664de9b6cc07fe5666a29f91884ba81197c4#cocoapods",
      "source": "devbox-search",
      "version": "1.16.2",
      "systems": {
        "aarch64-darwin": {
          "outputs": [
            {
              "name": "out",
              "path": "/nix/store/c30z5lxjd4sv1hsbshzkn57qr3l28mwn-cocoapods-1.16.2",
              "default": true
            }
          ],
          "store_path": "/nix/store/c30z5lxjd4sv1hsbshzkn57qr3l28mwn-cocoapods-1.16.2"
        },
        "x86_64-darwin": {
          "outputs": [
            {
              "name": "out",
              "path": "/nix/store/p2sx7x3yg2cdckrg3p2j835x2csxkln9-cocoapods-1.16.2",
              "default": true
            }
          ],
          "store_path": "/nix/store/p2sx7x3yg2cdckrg3p2j835x2csxkln9-cocoapods-1.16.2"
        }
      }
    },
    "gh@latest": {
      "last_modified": "2026-08-27T07:16:00Z",
      "resolved": "github:NixOS/nixpkgs/c27cdad491a991b11ed731760aa2ef8db0cb0410#gh",
      "source": "devbox-search",
      "version": "2.98.0",
      "systems": {
        "aarch64-darwin": {
          "outputs": [
            {
              "name": "out",
              "path": "/nix/store/y81ibbw74n6mskwsh54hnvwblkw33yzb-gh-2.98.0",
              "default": true
            }
          ],
          "store_path": "/nix/store/y81ibbw74n6mskwsh54hnvwblkw33yzb-gh-2.98.0"
        },
        "aarch64-linux": {
          "outputs": [
            {
              "name": "out",
              "path": "/nix/store/j5mb4f9a0vbi5r89i00f548z0y5j1kp7-gh-2.98.0",
              "default": true
            }
          ],
          "store_path": "/nix/store/j5mb4f9a0vbi5r89i00f548z0y5j1kp7-gh-2.98.0"
        },
        "x86_64-linux": {
          "outputs": [
            {
              "name": "out",
              "path": "/nix/store/dpiajg8vgzpaq74jc79j01fd5bja3cik-gh-2.98.0",
              "default": true
            }
          ],
          "store_path": "/nix/store/dpiajg8vgzpaq74jc79j01fd5bja3cik-gh-2.98.0"
        }
      }
    },
    "github:NixOS/nixpkgs/nixpkgs-unstable": {
      "last_modified": "2026-08-25T04:16:28Z",
      "resolved": "github:NixOS/nixpkgs/ac6b2166e7a9375683b8e98f860f273222337b16?lastModified=1787631388&narHash=sha256-vMiXptXarfSdJb1Gkc%2BFYVOAibuBRj7qxGa8z68q1Uw%3D"
    },
    "go@1.27": {
      "last_modified": "2026-08-27T07:16:00Z",
      "resolved": "github:NixOS/nixpkgs/c27cdad491a991b11ed731760aa2ef8db0cb0410#go_1_27",
      "source": "devbox-search",
      "version": "1.27.0",
      "systems": {
        "aarch64-darwin": {
          "outputs": [
            {
              "name": "out",
              "path": "/nix/store/lz3qw52rpazqga73xgsqlj4qz1lgs4hg-go-1.27.0",
              "default": true
            }
          ],
          "store_path": "/nix/store/lz3qw52rpazqga73xgsqlj4qz1lgs4hg-go-1.27.0"
        },
        "aarch64-linux": {
          "outputs": [
            {
              "name": "out",
              "path": "/nix/store/zqjvg5805xkf6zsd8nrdvgbv58yw2phr-go-1.27.0",
              "default": true
            }
          ],
          "store_path": "/nix/store/zqjvg5805xkf6zsd8nrdvgbv58yw2phr-go-1.27.0"
        },
        "x86_64-linux": {
          "outputs": [
            {
              "name": "out",
              "path": "/nix/store/fibbp1k5gcpaxcin4dzk70yd056rfjhg-go-1.27.0",
              "default": true
            }
          ],
          "store_path": "/nix/store/fibbp1k5gcpaxcin4dzk70yd056rfjhg-go-1.27.0"
        }
      }
    },
    "jdk17@latest": {
      "last_modified": "2026-09-29T03:29:29Z",
      "resolved": "github:NixOS/nixpkgs/b6c8664de9b6cc07fe5666a29f91884ba81197c4#jdk17",
      "source": "devbox-search",
      "version": "17.0.20.1+1",
      "systems": {
        "aarch64-linux": {
          "outputs": [
            {
              "name": "out",
              "path": "/nix/store/w6lk7i9i9vr9lsm5wpalgqy2ylkvgysz-openjdk-17.0.20.1+1",
              "default": true
            },
            {
              "name": "debug",
              "path": "/nix/store/6bzhv2yq3p28qwbk2gba6plwz69xj9p8-openjdk-17.0.20.1+1-debug"
            }
          ],
          "store_path": "/nix/store/w6lk7i9i9vr9lsm5wpalgqy2ylkvgysz-openjdk-17.0.20.1+1"
        },
        "x86_64-linux": {
          "outputs": [
            {
              "name": "out",
              "path": "/nix/store/pv7qbhhif83n4a8gag71x444h17my5cp-openjdk-17.0.20.1+1",
              "default": true
            },
            {
              "name": "debug",
              "path": "/nix/store/grwl3lbhaayijjlvlmkga3qkmfzf119a-openjdk-17.0.20.1+1-debug"
            }
          ],
          "store_path": "/nix/store/pv7qbhhif83n4a8gag71x444h17my5cp-openjdk-17.0.20.1+1"
        }
      }
    },
    "maestro@latest": {
      "last_modified": "2026-09-29T03:29:29Z",
      "resolved": "github:NixOS/nixpkgs/b6c8664de9b6cc07fe5666a29f91884ba81197c4#maestro",
      "source": "devbox-search",
      "version": "2.10.0",
      "systems": {
        "aarch64-darwin": {
          "outputs": [
            {
              "name": "out",
              "path": "/nix/store/yw16xhp269v389vp9rc35h8lq766mg0y-maestro-2.10.0",
              "default": true
            }
          ],
          "store_path": "/nix/store/yw16xhp269v389vp9rc35h8lq766mg0y-maestro-2.10.0"
        },
        "aarch64-linux": {
          "outputs": [
            {
              "name": "out",
              "path": "/nix/store/x4p52pi940xcqmjaq174jwwf7324ff08-maestro-2.10.0",
              "default": true
            }
          ],
          "store_path": "/nix/store/x4p52pi940xcqmjaq174jwwf7324ff08-maestro-2.10.0"
        },
        "x86_64-linux": {
          "outputs": [
            {
              "name": "out",
              "path": "/nix/store/7k71kkmqq3qjbimnl8pg2p5ggf5vah2k-maestro-2.10.0",
              "default": true
            }
          ],
          "store_path": "/nix/store/7k71kkmqq3qjbimnl8pg2p5ggf5vah2k-maestro-2.10.0"
        }
      }
    },
    "nodejs@24": {
      "last_modified": "2025-12-27T12:56:01Z",
      "plugin_version": "0.0.5",
      "resolved": "github:NixOS/nixpkgs/3edc4a30ed3903fdf6f90c837f961fa6b49582d1#nodejs_24",
      "source": "devbox-search",
      "version": "24.12.0",
      "systems": {
        "aarch64-darwin": {
          "outputs": [
            {
              "name": "out",
              "path": "/nix/store/b1h0af3yb3z9jz048phclcqw6ihiww67-nodejs-24.12.0",
              "default": true
            },
            {
              "name": "dev",
              "path": "/nix/store/ksn4nj0nbp0ikmh4scy9x4biqqdswwhy-nodejs-24.12.0-dev"
            },
            {
              "name": "libv8",
              "path": "/nix/store/3x72bm7l30ib7l7cximrp0sklcq8jqwy-nodejs-24.12.0-libv8"
            }
          ],
          "store_path": "/nix/store/b1h0af3yb3z9jz048phclcqw6ihiww67-nodejs-24.12.0"
        },
        "aarch64-linux": {
          "outputs": [
            {
              "name": "out",
              "path": "/nix/store/9jfsyhcr9c6rpm94lrkibv75jkggvwss-nodejs-24.12.0",
              "default": true
            },
            {
              "name": "dev",
              "path": "/nix/store/7izhv9x1yvsmyrhmmyps6bxjjclajm80-nodejs-24.12.0-dev"
            },
            {
              "name": "libv8",
              "path": "/nix/store/8hl74pnc1qyz68rg10ixw7fz32hcxqkk-nodejs-24.12.0-libv8"
            }
          ],
          "store_path": "/nix/store/9jfsyhcr9c6rpm94lrkibv75jkggvwss-nodejs-24.12.0"
        },
        "x86_64-darwin": {
          "outputs": [
            {
              "name": "out",
              "path": "/nix/store/cj1243xswxvnwgifyiyg8axhn0r2vl48-nodejs-24.12.0",
              "default": true
            },
            {
              "name": "dev",
              "path": "/nix/store/kzia3rkaf9vwpn3py23q9v49jpjm6zx7-nodejs-24.12.0-dev"
            },
            {
              "name": "libv8",
              "path": "/nix/store/xszji81xj7ghjhz7jk0jkhb84nfwyd8f-nodejs-24.12.0-libv8"
            }
          ],
          "store_path": "/nix/store/cj1243xswxvnwgifyiyg8axhn0r2vl48-nodejs-24.12.0"
        },
        "x86_64-linux": {
          "outputs": [
            {
              "name": "out",
              "path": "/nix/store/9z1v3wyrxp6fpyzw21lcakd5w7aknzyc-nodejs-24.12.0",
              "default": true
            },
            {
              "name": "libv8",
              "path": "/nix/store/5yvx909wlis13qd2y1ahwl7ij21ma69a-nodejs-24.12.0-libv8"
            },
            {
              "name": "dev",
              "path": "/nix/store/7ll99p08gmpg0n048669p80zjibl5akr-nodejs-24.12.0-dev"
            }
          ],
          "store_path": "/nix/store/9z1v3wyrxp6fpyzw21lcakd5w7aknzyc-nodejs-24.12.0"
        }
      }
    },
    "python@3.14": {
      "last_modified": "2026-06-27T07:37:20Z",
      "plugin_version": "0.0.5",
      "resolved": "github:NixOS/nixpkgs/3d46470bb3030020f7e1361f33514854f5bfa86d#python314",
      "source": "devbox-search",
      "version": "3.14.4",
      "systems": {
        "aarch64-darwin": {
          "outputs": [
            {
              "name": "out",
              "path": "/nix/store/bz7r3a1x3xby7ilac2ngzwr0szf3yzxc-python3-3.14.4",
              "default": true
            }
          ],
          "store_path": "/nix/store/bz7r3a1x3xby7ilac2ngzwr0szf3yzxc-python3-3.14.4"
        },
        "aarch64-linux": {
          "outputs": [
            {
              "name": "out",
              "path": "/nix/store/fj2lkfaqsccpsgwmzrv921asxzsp1iin-python3-3.14.4",
              "default": true
            },
            {
              "name": "debug",
              "path": "/nix/store/8sggbkg072yim06lsbggkiwc84z28cj9-python3-3.14.4-debug"
            }
          ],
          "store_path": "/nix/store/fj2lkfaqsccpsgwmzrv921asxzsp1iin-python3-3.14.4"
        },
        "x86_64-darwin": {
          "outputs": [
            {
              "name": "out",
              "path": "/nix/store/dz3vgh7m1dsj9c3ahn1ab6wqpnz9bbww-python3-3.14.4",
              "default": true
            }
          ],
          "store_path": "/nix/store/dz3vgh7m1dsj9c3ahn1ab6wqpnz9bbww-python3-3.14.4"
        },
        "x86_64-linux": {
          "outputs": [
            {
              "name": "out",
              "path": "/nix/store/fk8c5cqd0npblqv1mcd8swhkcbng84qr-python3-3.14.4",
              "default": true
            },
            {
              "name": "debug",
              "path": "/nix/store/y6nmlnw8360r8lma5bjnp07vl9r4l07g-python3-3.14.4-debug"
            }
          ],
          "store_path": "/nix/store/fk8c5cqd0npblqv1mcd8swhkcbng84qr-python3-3.14.4"
        }
      }
    },
    "sops@latest": {
      "last_modified": "2026-08-27T07:16:00Z",
      "resolved": "github:NixOS/nixpkgs/c27cdad491a991b11ed731760aa2ef8db0cb0410#sops",
      "source": "devbox-search",
      "version": "3.13.3",
      "systems": {
        "aarch64-darwin": {
          "outputs": [
            {
              "name": "out",
              "path": "/nix/store/6a208hbv8padw8731r88c9hr3cyda6pq-sops-3.13.3",
              "default": true
            }
          ],
          "store_path": "/nix/store/6a208hbv8padw8731r88c9hr3cyda6pq-sops-3.13.3"
        },
        "aarch64-linux": {
          "outputs": [
            {
              "name": "out",
              "path": "/nix/store/p41fwvk4zxq3fpgmncggp8zq7ihd96mm-sops-3.13.3",
              "default": true
            }
          ],
          "store_path": "/nix/store/p41fwvk4zxq3fpgmncggp8zq7ihd96mm-sops-3.13.3"
        },
        "x86_64-linux": {
          "outputs": [
            {
              "name": "out",
              "path": "/nix/store/9vlk37b1fgklzwl5bl9xb2dk8sn947ih-sops-3.13.3",
              "default": true
            }
          ],
          "store_path": "/nix/store/9vlk37b1fgklzwl5bl9xb2dk8sn947ih-sops-3.13.3"
        }
      }
    },
    "squawk@latest": {
      "last_modified": "2026-08-27T07:16:00Z",
      "resolved": "github:NixOS/nixpkgs/c27cdad491a991b11ed731760aa2ef8db0cb0410#squawk",
      "source": "devbox-search",
      "version": "2.63.0",
      "systems": {
        "aarch64-darwin": {
          "outputs": [
            {
              "name": "out",
              "path": "/nix/store/74ibps8h3l087dir7iqxh5y8vi3683kn-squawk-2.63.0",
              "default": true
            }
          ],
          "store_path": "/nix/store/74ibps8h3l087dir7iqxh5y8vi3683kn-squawk-2.63.0"
        },
        "aarch64-linux": {
          "outputs": [
            {
              "name": "out",
              "path": "/nix/store/5vkr3px0fnsah4khvy351gzf7lk72cgr-squawk-2.63.0",
              "default": true
            }
          ],
          "store_path": "/nix/store/5vkr3px0fnsah4khvy351gzf7lk72cgr-squawk-2.63.0"
        },
        "x86_64-linux": {
          "outputs": [
            {
              "name": "out",
              "path": "/nix/store/kjm0i49s4bj3agg7d5cbbiy405hqamyc-squawk-2.63.0",
              "default": true
            }
          ],
          "store_path": "/nix/store/kjm0i49s4bj3agg7d5cbbiy405hqamyc-squawk-2.63.0"
        }
      }
    },
    "uv@latest": {
      "last_modified": "2026-08-27T07:16:00Z",
      "resolved": "github:NixOS/nixpkgs/c27cdad491a991b11ed731760aa2ef8db0cb0410#uv",
      "source": "devbox-search",
      "version": "0.12.5",
      "systems": {
        "aarch64-darwin": {
          "outputs": [
            {
              "name": "out",
              "path": "/nix/store/71zq15rr7i4avy58y89hfgf2lhp3b7la-uv-0.12.5",
              "default": true
            }
          ],
          "store_path": "/nix/store/71zq15rr7i4avy58y89hfgf2lhp3b7la-uv-0.12.5"
        },
        "aarch64-linux": {
          "outputs": [
            {
              "name": "out",
              "path": "/nix/store/s2pqw31dkyrcym72fcdn0h9myl0yy9ix-uv-0.12.5",
              "default": true
            }
          ],
          "store_path": "/nix/store/s2pqw31dkyrcym72fcdn0h9myl0yy9ix-uv-0.12.5"
        },
        "x86_64-linux": {
          "outputs": [
            {
              "name": "out",
              "path": "/nix/store/v6av5m4035ds4558ax9sh0ywwnkjnd7b-uv-0.12.5",
              "default": true
            }
          ],
          "store_path": "/nix/store/v6av5m4035ds4558ax9sh0ywwnkjnd7b-uv-0.12.5"
        }
      }
    }
  }
}
